# This file is automatically @generated by Cargo.
# It is not intended for manual editing.
version = 4

[[package]]
name = "amine-asm"
version = "0.1.0"
source = "git+https://github.com/CeriumProject/amine-asm.git#c3b996160cc255de1867dd74e61e5ae4d0fe4b0f"

[[package]]
name = "chasm-amine-backend"
version = "0.1.0"
dependencies = [
 "amine-asm",
 "chasm-ir",
]

[[package]]
name = "chasm-ir"
version = "0.1.0"
source = "git+https://github.com/CeriumProject/chasm-ir.git#572f153671650289fbd67e249aa89218bb704156"
