# This file is automatically @generated by Cargo.
# It is not intended for manual editing.
version = 4

[[package]]
name = "amine-asm"
version = "0.1.0"
source = "git+https://github.com/CeriumProject/amine-asm.git#987e12835ed969a178c9d082165f1d25e1751814"

[[package]]
name = "chasm-amine-backend"
version = "0.1.0"
dependencies = [
 "amine-asm",
 "chasm-ir",
]

[[package]]
name = "chasm-ir"
version = "0.1.0"
source = "git+https://github.com/CeriumProject/chasm-ir.git#e8ba8137c44a202050b0ff82e5f86f15b5e02036"
