# This file is automatically @generated by Cargo.
# It is not intended for manual editing.
version = 4

[[package]]
name = "amine-asm"
version = "0.1.0"
source = "git+https://github.com/CeriumProject/amine-asm.git#935c9bf7e68cadcd7e7e59f98c389e32bdf123a8"

[[package]]
name = "chasm-amine-backend"
version = "0.1.0"
dependencies = [
 "amine-asm",
 "chasm-ir",
]

[[package]]
name = "chasm-ir"
version = "0.1.0"
source = "git+https://github.com/CeriumProject/chasm-ir.git#e1953fed26161d3eace1c2c924eecf64adbcd8eb"
